
Microsoft Visual Studio Solution File, Format Version 12.00
# Visual Studio 14
VisualStudioVersion = 14.0.24720.0
MinimumVisualStudioVersion = 10.0.40219.1
Project("{FAE04EC0-301F-11D3-BF4B-00C04F79EFBC}") = "WinIoTCoreListener.ConsoleExample", "WinIoTCoreListener.ConsoleExample\WinIoTCoreListener.ConsoleExample.csproj", "{D2A3340C-ECB2-4C6F-855F-C5C3520625F1}"
EndProject
Project("{FAE04EC0-301F-11D3-BF4B-00C04F79EFBC}") = "WinIoTCoreListener.Lib", "WinIoTCoreListener.Lib\WinIoTCoreListener.Lib.csproj", "{DFD64F37-BBA6-47F4-BC46-077E6EB20D41}"
EndProject
Global
	GlobalSection(SolutionConfigurationPlatforms) = preSolution
		Debug|Any CPU = Debug|Any CPU
		Release|Any CPU = Release|Any CPU
	EndGlobalSection
	GlobalSection(ProjectConfigurationPlatforms) = postSolution
		{DFD64F37-BBA6-47F4-BC46-077E6EB20D41}.Debug|Any CPU.ActiveCfg = Debug|Any CPU
		{DFD64F37-BBA6-47F4-BC46-077E6EB20D41}.Debug|Any CPU.Build.0 = Debug|Any CPU
		{DFD64F37-BBA6-47F4-BC46-077E6EB20D41}.Release|Any CPU.ActiveCfg = Release|Any CPU
		{DFD64F37-BBA6-47F4-BC46-077E6EB20D41}.Release|Any CPU.Build.0 = Release|Any CPU
		{D2A3340C-ECB2-4C6F-855F-C5C3520625F1}.Debug|Any CPU.ActiveCfg = Debug|Any CPU
		{D2A3340C-ECB2-4C6F-855F-C5C3520625F1}.Debug|Any CPU.Build.0 = Debug|Any CPU
		{D2A3340C-ECB2-4C6F-855F-C5C3520625F1}.Release|Any CPU.ActiveCfg = Release|Any CPU
		{D2A3340C-ECB2-4C6F-855F-C5C3520625F1}.Release|Any CPU.Build.0 = Release|Any CPU
	EndGlobalSection
	GlobalSection(SolutionProperties) = preSolution
		HideSolutionNode = FALSE
	EndGlobalSection
EndGlobal
